
Microsoft Visual Studio Solution File, Format Version 12.00
# Visual Studio Version 16
VisualStudioVersion = 16.0.29509.3
MinimumVisualStudioVersion = 10.0.40219.1
Project("{FAE04EC0-301F-11D3-BF4B-00C04F79EFBC}") = "Softeq_Tasks", "Softeq_Tasks\Softeq_Tasks.csproj", "{6CF07305-0B60-45C6-B633-51D53455DC80}"
EndProject
Project("{FAE04EC0-301F-11D3-BF4B-00C04F79EFBC}") = "Tasks_Softeq.Tests", "Tasks_Softeq.Tests\Tasks_Softeq.Tests.csproj", "{247E6C94-880E-448C-9AE1-37E4808BA6F6}"
EndProject
Global
	GlobalSection(SolutionConfigurationPlatforms) = preSolution
		Debug|Any CPU = Debug|Any CPU
		Release|Any CPU = Release|Any CPU
	EndGlobalSection
	GlobalSection(ProjectConfigurationPlatforms) = postSolution
		{6CF07305-0B60-45C6-B633-51D53455DC80}.Debug|Any CPU.ActiveCfg = Debug|Any CPU
		{6CF07305-0B60-45C6-B633-51D53455DC80}.Debug|Any CPU.Build.0 = Debug|Any CPU
		{6CF07305-0B60-45C6-B633-51D53455DC80}.Release|Any CPU.ActiveCfg = Release|Any CPU
		{6CF07305-0B60-45C6-B633-51D53455DC80}.Release|Any CPU.Build.0 = Release|Any CPU
		{247E6C94-880E-448C-9AE1-37E4808BA6F6}.Debug|Any CPU.ActiveCfg = Debug|Any CPU
		{247E6C94-880E-448C-9AE1-37E4808BA6F6}.Debug|Any CPU.Build.0 = Debug|Any CPU
		{247E6C94-880E-448C-9AE1-37E4808BA6F6}.Release|Any CPU.ActiveCfg = Release|Any CPU
		{247E6C94-880E-448C-9AE1-37E4808BA6F6}.Release|Any CPU.Build.0 = Release|Any CPU
	EndGlobalSection
	GlobalSection(SolutionProperties) = preSolution
		HideSolutionNode = FALSE
	EndGlobalSection
	GlobalSection(ExtensibilityGlobals) = postSolution
		SolutionGuid = {AAD65467-AA61-4636-9F0D-FECFE0D85724}
	EndGlobalSection
EndGlobal
